
Microsoft Visual Studio Solution File, Format Version 12.00
# Visual Studio 15
VisualStudioVersion = 15.0.27428.2015
MinimumVisualStudioVersion = 10.0.40219.1
Project("{FAE04EC0-301F-11D3-BF4B-00C04F79EFBC}") = "MapEditor", "MapEditor\MapEditor.csproj", "{CB828B3C-389D-4EAE-90FE-118A7056F8D6}"
EndProject
Global
	GlobalSection(SolutionConfigurationPlatforms) = preSolution
		Debug|x86 = Debug|x86
		Release|x86 = Release|x86
	EndGlobalSection
	GlobalSection(ProjectConfigurationPlatforms) = postSolution
		{CB828B3C-389D-4EAE-90FE-118A7056F8D6}.Debug|x86.ActiveCfg = Debug|x86
		{CB828B3C-389D-4EAE-90FE-118A7056F8D6}.Debug|x86.Build.0 = Debug|x86
		{CB828B3C-389D-4EAE-90FE-118A7056F8D6}.Release|x86.ActiveCfg = Release|x86
		{CB828B3C-389D-4EAE-90FE-118A7056F8D6}.Release|x86.Build.0 = Release|x86
	EndGlobalSection
	GlobalSection(SolutionProperties) = preSolution
		HideSolutionNode = FALSE
	EndGlobalSection
	GlobalSection(ExtensibilityGlobals) = postSolution
		SolutionGuid = {914FFF9A-2D42-4BE2-B8D0-8546B04EB1F1}
	EndGlobalSection
EndGlobal
